
Microsoft Visual Studio Solution File, Format Version 12.00
# Visual Studio Version 16
VisualStudioVersion = 16.0.31005.135
MinimumVisualStudioVersion = 10.0.40219.1
Project("{FAE04EC0-301F-11D3-BF4B-00C04F79EFBC}") = "ListMVC", "ListMVC\ListMVC.csproj", "{12864C06-6C22-45A9-B6EF-E3B8427E4B65}"
EndProject
Global
	GlobalSection(SolutionConfigurationPlatforms) = preSolution
		Debug|Any CPU = Debug|Any CPU
		Release|Any CPU = Release|Any CPU
	EndGlobalSection
	GlobalSection(ProjectConfigurationPlatforms) = postSolution
		{12864C06-6C22-45A9-B6EF-E3B8427E4B65}.Debug|Any CPU.ActiveCfg = Debug|Any CPU
		{12864C06-6C22-45A9-B6EF-E3B8427E4B65}.Debug|Any CPU.Build.0 = Debug|Any CPU
		{12864C06-6C22-45A9-B6EF-E3B8427E4B65}.Release|Any CPU.ActiveCfg = Release|Any CPU
		{12864C06-6C22-45A9-B6EF-E3B8427E4B65}.Release|Any CPU.Build.0 = Release|Any CPU
	EndGlobalSection
	GlobalSection(SolutionProperties) = preSolution
		HideSolutionNode = FALSE
	EndGlobalSection
	GlobalSection(ExtensibilityGlobals) = postSolution
		SolutionGuid = {6BEE53FD-AF70-424A-AEB5-BEA43E3A5D87}
	EndGlobalSection
EndGlobal
